// !$*UTF8*$!
{
	archiveVersion = 1;
	classes = {
	};
	objectVersion = 46;
	objects = {

/* Begin PBXBuildFile section */
		1F121CEC17E46FB300AB075C /* Security.framework in Frameworks */ = {isa = PBXBuildFile; fileRef = 1F121CEB17E46FB300AB075C /* Security.framework */; };
		1F3EF52517E4686D0076ECBE /* Cocoa.framework in Frameworks */ = {isa = PBXBuildFile; fileRef = 1F3EF52417E4686D0076ECBE /* Cocoa.framework */; };
		1F3EF52F17E4686D0076ECBE /* InfoPlist.strings in Resources */ = {isa = PBXBuildFile; fileRef = 1F3EF52D17E4686D0076ECBE /* InfoPlist.strings */; };
		1F3EF53117E4686D0076ECBE /* main.m in Sources */ = {isa = PBXBuildFile; fileRef = 1F3EF53017E4686D0076ECBE /* main.m */; };
		1F3EF53517E4686D0076ECBE /* Credits.rtf in Resources */ = {isa = PBXBuildFile; fileRef = 1F3EF53317E4686D0076ECBE /* Credits.rtf */; };
		1F3EF53817E4686D0076ECBE /* AppDelegate.m in Sources */ = {isa = PBXBuildFile; fileRef = 1F3EF53717E4686D0076ECBE /* AppDelegate.m */; };
		1F3EF53B17E4686D0076ECBE /* MainMenu.xib in Resources */ = {isa = PBXBuildFile; fileRef = 1F3EF53917E4686D0076ECBE /* MainMenu.xib */; };
		1F3EF53E17E4686D0076ECBE /* iTunesControl2.xcdatamodeld in Sources */ = {isa = PBXBuildFile; fileRef = 1F3EF53C17E4686D0076ECBE /* iTunesControl2.xcdatamodeld */; };
		1F3EF54617E4686D0076ECBE /* SenTestingKit.framework in Frameworks */ = {isa = PBXBuildFile; fileRef = 1F3EF54517E4686D0076ECBE /* SenTestingKit.framework */; };
		1F3EF54717E4686D0076ECBE /* Cocoa.framework in Frameworks */ = {isa = PBXBuildFile; fileRef = 1F3EF52417E4686D0076ECBE /* Cocoa.framework */; };
		1F3EF54F17E4686D0076ECBE /* InfoPlist.strings in Resources */ = {isa = PBXBuildFile; fileRef = 1F3EF54D17E4686D0076ECBE /* InfoPlist.strings */; };
		1F3EF55217E4686D0076ECBE /* iTunesControl2Tests.m in Sources */ = {isa = PBXBuildFile; fileRef = 1F3EF55117E4686D0076ECBE /* iTunesControl2Tests.m */; };
		1F3EF55D17E468A50076ECBE /* GCDAsyncSocket.m in Sources */ = {isa = PBXBuildFile; fileRef = 1F3EF55C17E468A50076ECBE /* GCDAsyncSocket.m */; };
/* End PBXBuildFile section */

/* Begin PBXContainerItemProxy section */
		1F3EF54817E4686D0076ECBE /* PBXContainerItemProxy */ = {
			isa = PBXContainerItemProxy;
			containerPortal = 1F3EF51917E4686D0076ECBE /* Project object */;
			proxyType = 1;
			remoteGlobalIDString = 1F3EF52017E4686D0076ECBE;
			remoteInfo = iTunesControl2;
		};
/* End PBXContainerItemProxy section */

/* Begin PBXFileReference section */
		1F121CEB17E46FB300AB075C /* Security.framework */ = {isa = PBXFileReference; lastKnownFileType = wrapper.framework; name = Security.framework; path = System/Library/Frameworks/Security.framework; sourceTree = SDKROOT; };
		1F3EF52117E4686D0076ECBE /* iTunesControl2.app */ = {isa = PBXFileReference; explicitFileType = wrapper.application; includeInIndex = 0; name = iTunesControl2.app; path = "/Users/Jad_Kawwa/Desktop/MYO Apps/iTunesControl2/build/Debug/iTunesControl2.app"; sourceTree = "<absolute>"; };
		1F3EF52417E4686D0076ECBE /* Cocoa.framework */ = {isa = PBXFileReference; lastKnownFileType = wrapper.framework; name = Cocoa.framework; path = System/Library/Frameworks/Cocoa.framework; sourceTree = SDKROOT; };
		1F3EF52717E4686D0076ECBE /* AppKit.framework */ = {isa = PBXFileReference; lastKnownFileType = wrapper.framework; name = AppKit.framework; path = System/Library/Frameworks/AppKit.framework; sourceTree = SDKROOT; };
		1F3EF52817E4686D0076ECBE /* CoreData.framework */ = {isa = PBXFileReference; lastKnownFileType = wrapper.framework; name = CoreData.framework; path = System/Library/Frameworks/CoreData.framework; sourceTree = SDKROOT; };
		1F3EF52917E4686D0076ECBE /* Foundation.framework */ = {isa = PBXFileReference; lastKnownFileType = wrapper.framework; name = Foundation.framework; path = System/Library/Frameworks/Foundation.framework; sourceTree = SDKROOT; };
		1F3EF52C17E4686D0076ECBE /* iTunesControl2-Info.plist */ = {isa = PBXFileReference; lastKnownFileType = text.plist.xml; path = "iTunesControl2-Info.plist"; sourceTree = "<group>"; };
		1F3EF52E17E4686D0076ECBE /* en */ = {isa = PBXFileReference; lastKnownFileType = text.plist.strings; name = en; path = en.lproj/InfoPlist.strings; sourceTree = "<group>"; };
		1F3EF53017E4686D0076ECBE /* main.m */ = {isa = PBXFileReference; lastKnownFileType = sourcecode.c.objc; path = main.m; sourceTree = "<group>"; };
		1F3EF53217E4686D0076ECBE /* iTunesControl2-Prefix.pch */ = {isa = PBXFileReference; lastKnownFileType = sourcecode.c.h; path = "iTunesControl2-Prefix.pch"; sourceTree = "<group>"; };
		1F3EF53417E4686D0076ECBE /* en */ = {isa = PBXFileReference; lastKnownFileType = text.rtf; name = en; path = en.lproj/Credits.rtf; sourceTree = "<group>"; };
		1F3EF53617E4686D0076ECBE /* AppDelegate.h */ = {isa = PBXFileReference; lastKnownFileType = sourcecode.c.h; path = AppDelegate.h; sourceTree = "<group>"; };
		1F3EF53717E4686D0076ECBE /* AppDelegate.m */ = {isa = PBXFileReference; lastKnownFileType = sourcecode.c.objc; path = AppDelegate.m; sourceTree = "<group>"; };
		1F3EF53A17E4686D0076ECBE /* en */ = {isa = PBXFileReference; lastKnownFileType = file.xib; name = en; path = en.lproj/MainMenu.xib; sourceTree = "<group>"; };
		1F3EF53D17E4686D0076ECBE /* iTunesControl2.xcdatamodel */ = {isa = PBXFileReference; lastKnownFileType = wrapper.xcdatamodel; path = iTunesControl2.xcdatamodel; sourceTree = "<group>"; };
		1F3EF54417E4686D0076ECBE /* iTunesControl2Tests.octest */ = {isa = PBXFileReference; explicitFileType = wrapper.cfbundle; includeInIndex = 0; name = iTunesControl2Tests.octest; path = "/Users/Jad_Kawwa/Desktop/MYO Apps/iTunesControl2/build/Debug/iTunesControl2Tests.octest"; sourceTree = "<absolute>"; };
		1F3EF54517E4686D0076ECBE /* SenTestingKit.framework */ = {isa = PBXFileReference; lastKnownFileType = wrapper.framework; name = SenTestingKit.framework; path = Library/Frameworks/SenTestingKit.framework; sourceTree = DEVELOPER_DIR; };
		1F3EF54C17E4686D0076ECBE /* iTunesControl2Tests-Info.plist */ = {isa = PBXFileReference; lastKnownFileType = text.plist.xml; path = "iTunesControl2Tests-Info.plist"; sourceTree = "<group>"; };
		1F3EF54E17E4686D0076ECBE /* en */ = {isa = PBXFileReference; lastKnownFileType = text.plist.strings; name = en; path = en.lproj/InfoPlist.strings; sourceTree = "<group>"; };
		1F3EF55017E4686D0076ECBE /* iTunesControl2Tests.h */ = {isa = PBXFileReference; lastKnownFileType = sourcecode.c.h; path = iTunesControl2Tests.h; sourceTree = "<group>"; };
		1F3EF55117E4686D0076ECBE /* iTunesControl2Tests.m */ = {isa = PBXFileReference; lastKnownFileType = sourcecode.c.objc; path = iTunesControl2Tests.m; sourceTree = "<group>"; };
		1F3EF55B17E468A50076ECBE /* GCDAsyncSocket.h */ = {isa = PBXFileReference; fileEncoding = 4; lastKnownFileType = sourcecode.c.h; path = GCDAsyncSocket.h; sourceTree = "<group>"; };
		1F3EF55C17E468A50076ECBE /* GCDAsyncSocket.m */ = {isa = PBXFileReference; fileEncoding = 4; lastKnownFileType = sourcecode.c.objc; path = GCDAsyncSocket.m; sourceTree = "<group>"; };
/* End PBXFileReference section */

/* Begin PBXFrameworksBuildPhase section */
		1F3EF51E17E4686D0076ECBE /* Frameworks */ = {
			isa = PBXFrameworksBuildPhase;
			buildActionMask = 2147483647;
			files = (
				1F121CEC17E46FB300AB075C /* Security.framework in Frameworks */,
				1F3EF52517E4686D0076ECBE /* Cocoa.framework in Frameworks */,
			);
			runOnlyForDeploymentPostprocessing = 0;
		};
		1F3EF54017E4686D0076ECBE /* Frameworks */ = {
			isa = PBXFrameworksBuildPhase;
			buildActionMask = 2147483647;
			files = (
				1F3EF54617E4686D0076ECBE /* SenTestingKit.framework in Frameworks */,
				1F3EF54717E4686D0076ECBE /* Cocoa.framework in Frameworks */,
			);
			runOnlyForDeploymentPostprocessing = 0;
		};
/* End PBXFrameworksBuildPhase section */

/* Begin PBXGroup section */
		1F3EF51817E4686D0076ECBE = {
			isa = PBXGroup;
			children = (
				1F3EF52A17E4686D0076ECBE /* iTunesControl2 */,
				1F3EF54A17E4686D0076ECBE /* iTunesControl2Tests */,
				1F3EF52317E4686D0076ECBE /* Frameworks */,
			);
			sourceTree = "<group>";
		};
		1F3EF52317E4686D0076ECBE /* Frameworks */ = {
			isa = PBXGroup;
			children = (
				1F121CEB17E46FB300AB075C /* Security.framework */,
				1F3EF52417E4686D0076ECBE /* Cocoa.framework */,
				1F3EF54517E4686D0076ECBE /* SenTestingKit.framework */,
				1F3EF52617E4686D0076ECBE /* Other Frameworks */,
			);
			name = Frameworks;
			sourceTree = "<group>";
		};
		1F3EF52617E4686D0076ECBE /* Other Frameworks */ = {
			isa = PBXGroup;
			children = (
				1F3EF52717E4686D0076ECBE /* AppKit.framework */,
				1F3EF52817E4686D0076ECBE /* CoreData.framework */,
				1F3EF52917E4686D0076ECBE /* Foundation.framework */,
			);
			name = "Other Frameworks";
			sourceTree = "<group>";
		};
		1F3EF52A17E4686D0076ECBE /* iTunesControl2 */ = {
			isa = PBXGroup;
			children = (
				1F3EF55B17E468A50076ECBE /* GCDAsyncSocket.h */,
				1F3EF55C17E468A50076ECBE /* GCDAsyncSocket.m */,
				1F3EF53617E4686D0076ECBE /* AppDelegate.h */,
				1F3EF53717E4686D0076ECBE /* AppDelegate.m */,
				1F3EF53917E4686D0076ECBE /* MainMenu.xib */,
				1F3EF53C17E4686D0076ECBE /* iTunesControl2.xcdatamodeld */,
				1F3EF52B17E4686D0076ECBE /* Supporting Files */,
			);
			path = iTunesControl2;
			sourceTree = "<group>";
		};
		1F3EF52B17E4686D0076ECBE /* Supporting Files */ = {
			isa = PBXGroup;
			children = (
				1F3EF52C17E4686D0076ECBE /* iTunesControl2-Info.plist */,
				1F3EF52D17E4686D0076ECBE /* InfoPlist.strings */,
				1F3EF53017E4686D0076ECBE /* main.m */,
				1F3EF53217E4686D0076ECBE /* iTunesControl2-Prefix.pch */,
				1F3EF53317E4686D0076ECBE /* Credits.rtf */,
			);
			name = "Supporting Files";
			sourceTree = "<group>";
		};
		1F3EF54A17E4686D0076ECBE /* iTunesControl2Tests */ = {
			isa = PBXGroup;
			children = (
				1F3EF55017E4686D0076ECBE /* iTunesControl2Tests.h */,
				1F3EF55117E4686D0076ECBE /* iTunesControl2Tests.m */,
				1F3EF54B17E4686D0076ECBE /* Supporting Files */,
			);
			path = iTunesControl2Tests;
			sourceTree = "<group>";
		};
		1F3EF54B17E4686D0076ECBE /* Supporting Files */ = {
			isa = PBXGroup;
			children = (
				1F3EF54C17E4686D0076ECBE /* iTunesControl2Tests-Info.plist */,
				1F3EF54D17E4686D0076ECBE /* InfoPlist.strings */,
			);
			name = "Supporting Files";
			sourceTree = "<group>";
		};
/* End PBXGroup section */

/* Begin PBXNativeTarget section */
		1F3EF52017E4686D0076ECBE /* iTunesControl2 */ = {
			isa = PBXNativeTarget;
			buildConfigurationList = 1F3EF55517E4686D0076ECBE /* Build configuration list for PBXNativeTarget "iTunesControl2" */;
			buildPhases = (
				1F3EF51D17E4686D0076ECBE /* Sources */,
				1F3EF51E17E4686D0076ECBE /* Frameworks */,
				1F3EF51F17E4686D0076ECBE /* Resources */,
			);
			buildRules = (
			);
			dependencies = (
			);
			name = iTunesControl2;
			productName = iTunesControl2;
			productReference = 1F3EF52117E4686D0076ECBE /* iTunesControl2.app */;
			productType = "com.apple.product-type.application";
		};
		1F3EF54317E4686D0076ECBE /* iTunesControl2Tests */ = {
			isa = PBXNativeTarget;
			buildConfigurationList = 1F3EF55817E4686D0076ECBE /* Build configuration list for PBXNativeTarget "iTunesControl2Tests" */;
			buildPhases = (
				1F3EF53F17E4686D0076ECBE /* Sources */,
				1F3EF54017E4686D0076ECBE /* Frameworks */,
				1F3EF54117E4686D0076ECBE /* Resources */,
				1F3EF54217E4686D0076ECBE /* ShellScript */,
			);
			buildRules = (
			);
			dependencies = (
				1F3EF54917E4686D0076ECBE /* PBXTargetDependency */,
			);
			name = iTunesControl2Tests;
			productName = iTunesControl2Tests;
			productReference = 1F3EF54417E4686D0076ECBE /* iTunesControl2Tests.octest */;
			productType = "com.apple.product-type.bundle";
		};
/* End PBXNativeTarget section */

/* Begin PBXProject section */
		1F3EF51917E4686D0076ECBE /* Project object */ = {
			isa = PBXProject;
			attributes = {
				LastUpgradeCheck = 0460;
				ORGANIZATIONNAME = "Jad Kawwa";
			};
			buildConfigurationList = 1F3EF51C17E4686D0076ECBE /* Build configuration list for PBXProject "iTunesControl2" */;
			compatibilityVersion = "Xcode 3.2";
			developmentRegion = English;
			hasScannedForEncodings = 0;
			knownRegions = (
				en,
			);
			mainGroup = 1F3EF51817E4686D0076ECBE;
			productRefGroup = 1F3EF51817E4686D0076ECBE;
			projectDirPath = "";
			projectRoot = "";
			targets = (
				1F3EF52017E4686D0076ECBE /* iTunesControl2 */,
				1F3EF54317E4686D0076ECBE /* iTunesControl2Tests */,
			);
		};
/* End PBXProject section */

/* Begin PBXResourcesBuildPhase section */
		1F3EF51F17E4686D0076ECBE /* Resources */ = {
			isa = PBXResourcesBuildPhase;
			buildActionMask = 2147483647;
			files = (
				1F3EF52F17E4686D0076ECBE /* InfoPlist.strings in Resources */,
				1F3EF53517E4686D0076ECBE /* Credits.rtf in Resources */,
				1F3EF53B17E4686D0076ECBE /* MainMenu.xib in Resources */,
			);
			runOnlyForDeploymentPostprocessing = 0;
		};
		1F3EF54117E4686D0076ECBE /* Resources */ = {
			isa = PBXResourcesBuildPhase;
			buildActionMask = 2147483647;
			files = (
				1F3EF54F17E4686D0076ECBE /* InfoPlist.strings in Resources */,
			);
			runOnlyForDeploymentPostprocessing = 0;
		};
/* End PBXResourcesBuildPhase section */

/* Begin PBXShellScriptBuildPhase section */
		1F3EF54217E4686D0076ECBE /* ShellScript */ = {
			isa = PBXShellScriptBuildPhase;
			buildActionMask = 2147483647;
			files = (
			);
			inputPaths = (
			);
			outputPaths = (
			);
			runOnlyForDeploymentPostprocessing = 0;
			shellPath = /bin/sh;
			shellScript = "# Run the unit tests in this test bundle.\n\"${SYSTEM_DEVELOPER_DIR}/Tools/RunUnitTests\"\n";
		};
/* End PBXShellScriptBuildPhase section */

/* Begin PBXSourcesBuildPhase section */
		1F3EF51D17E4686D0076ECBE /* Sources */ = {
			isa = PBXSourcesBuildPhase;
			buildActionMask = 2147483647;
			files = (
				1F3EF53117E4686D0076ECBE /* main.m in Sources */,
				1F3EF53817E4686D0076ECBE /* AppDelegate.m in Sources */,
				1F3EF53E17E4686D0076ECBE /* iTunesControl2.xcdatamodeld in Sources */,
				1F3EF55D17E468A50076ECBE /* GCDAsyncSocket.m in Sources */,
			);
			runOnlyForDeploymentPostprocessing = 0;
		};
		1F3EF53F17E4686D0076ECBE /* Sources */ = {
			isa = PBXSourcesBuildPhase;
			buildActionMask = 2147483647;
			files = (
				1F3EF55217E4686D0076ECBE /* iTunesControl2Tests.m in Sources */,
			);
			runOnlyForDeploymentPostprocessing = 0;
		};
/* End PBXSourcesBuildPhase section */

/* Begin PBXTargetDependency section */
		1F3EF54917E4686D0076ECBE /* PBXTargetDependency */ = {
			isa = PBXTargetDependency;
			target = 1F3EF52017E4686D0076ECBE /* iTunesControl2 */;
			targetProxy = 1F3EF54817E4686D0076ECBE /* PBXContainerItemProxy */;
		};
/* End PBXTargetDependency section */

/* Begin PBXVariantGroup section */
		1F3EF52D17E4686D0076ECBE /* InfoPlist.strings */ = {
			isa = PBXVariantGroup;
			children = (
				1F3EF52E17E4686D0076ECBE /* en */,
			);
			name = InfoPlist.strings;
			sourceTree = "<group>";
		};
		1F3EF53317E4686D0076ECBE /* Credits.rtf */ = {
			isa = PBXVariantGroup;
			children = (
				1F3EF53417E4686D0076ECBE /* en */,
			);
			name = Credits.rtf;
			sourceTree = "<group>";
		};
		1F3EF53917E4686D0076ECBE /* MainMenu.xib */ = {
			isa = PBXVariantGroup;
			children = (
				1F3EF53A17E4686D0076ECBE /* en */,
			);
			name = MainMenu.xib;
			sourceTree = "<group>";
		};
		1F3EF54D17E4686D0076ECBE /* InfoPlist.strings */ = {
			isa = PBXVariantGroup;
			children = (
				1F3EF54E17E4686D0076ECBE /* en */,
			);
			name = InfoPlist.strings;
			sourceTree = "<group>";
		};
/* End PBXVariantGroup section */

/* Begin XCBuildConfiguration section */
		1F3EF55317E4686D0076ECBE /* Debug */ = {
			isa = XCBuildConfiguration;
			buildSettings = {
				ALWAYS_SEARCH_USER_PATHS = NO;
				ARCHS = "$(ARCHS_STANDARD_64_BIT)";
				CLANG_CXX_LANGUAGE_STANDARD = "gnu++0x";
				CLANG_CXX_LIBRARY = "libc++";
				CLANG_ENABLE_OBJC_ARC = YES;
				CLANG_WARN_CONSTANT_CONVERSION = YES;
				CLANG_WARN_EMPTY_BODY = YES;
				CLANG_WARN_ENUM_CONVERSION = YES;
				CLANG_WARN_INT_CONVERSION = YES;
				CLANG_WARN__DUPLICATE_METHOD_MATCH = YES;
				COPY_PHASE_STRIP = NO;
				GCC_C_LANGUAGE_STANDARD = gnu99;
				GCC_DYNAMIC_NO_PIC = NO;
				GCC_ENABLE_OBJC_EXCEPTIONS = YES;
				GCC_OPTIMIZATION_LEVEL = 0;
				GCC_PREPROCESSOR_DEFINITIONS = (
					"DEBUG=1",
					"$(inherited)",
				);
				GCC_SYMBOLS_PRIVATE_EXTERN = NO;
				GCC_WARN_64_TO_32_BIT_CONVERSION = YES;
				GCC_WARN_ABOUT_RETURN_TYPE = YES;
				GCC_WARN_UNINITIALIZED_AUTOS = YES;
				GCC_WARN_UNUSED_VARIABLE = YES;
				MACOSX_DEPLOYMENT_TARGET = 10.8;
				ONLY_ACTIVE_ARCH = YES;
				SDKROOT = macosx;
			};
			name = Debug;
		};
		1F3EF55417E4686D0076ECBE /* Release */ = {
			isa = XCBuildConfiguration;
			buildSettings = {
				ALWAYS_SEARCH_USER_PATHS = NO;
				ARCHS = "$(ARCHS_STANDARD_64_BIT)";
				CLANG_CXX_LANGUAGE_STANDARD = "gnu++0x";
				CLANG_CXX_LIBRARY = "libc++";
				CLANG_ENABLE_OBJC_ARC = YES;
				CLANG_WARN_CONSTANT_CONVERSION = YES;
				CLANG_WARN_EMPTY_BODY = YES;
				CLANG_WARN_ENUM_CONVERSION = YES;
				CLANG_WARN_INT_CONVERSION = YES;
				CLANG_WARN__DUPLICATE_METHOD_MATCH = YES;
				COPY_PHASE_STRIP = YES;
				DEBUG_INFORMATION_FORMAT = "dwarf-with-dsym";
				GCC_C_LANGUAGE_STANDARD = gnu99;
				GCC_ENABLE_OBJC_EXCEPTIONS = YES;
				GCC_WARN_64_TO_32_BIT_CONVERSION = YES;
				GCC_WARN_ABOUT_RETURN_TYPE = YES;
				GCC_WARN_UNINITIALIZED_AUTOS = YES;
				GCC_WARN_UNUSED_VARIABLE = YES;
				MACOSX_DEPLOYMENT_TARGET = 10.8;
				SDKROOT = macosx;
			};
			name = Release;
		};
		1F3EF55617E4686D0076ECBE /* Debug */ = {
			isa = XCBuildConfiguration;
			buildSettings = {
				COMBINE_HIDPI_IMAGES = YES;
				GCC_PRECOMPILE_PREFIX_HEADER = YES;
				GCC_PREFIX_HEADER = "iTunesControl2/iTunesControl2-Prefix.pch";
				INFOPLIST_FILE = "iTunesControl2/iTunesControl2-Info.plist";
				PRODUCT_NAME = "$(TARGET_NAME)";
				WRAPPER_EXTENSION = app;
			};
			name = Debug;
		};
		1F3EF55717E4686D0076ECBE /* Release */ = {
			isa = XCBuildConfiguration;
			buildSettings = {
				COMBINE_HIDPI_IMAGES = YES;
				GCC_PRECOMPILE_PREFIX_HEADER = YES;
				GCC_PREFIX_HEADER = "iTunesControl2/iTunesControl2-Prefix.pch";
				INFOPLIST_FILE = "iTunesControl2/iTunesControl2-Info.plist";
				PRODUCT_NAME = "$(TARGET_NAME)";
				WRAPPER_EXTENSION = app;
			};
			name = Release;
		};
		1F3EF55917E4686D0076ECBE /* Debug */ = {
			isa = XCBuildConfiguration;
			buildSettings = {
				BUNDLE_LOADER = "$(BUILT_PRODUCTS_DIR)/iTunesControl2.app/Contents/MacOS/iTunesControl2";
				COMBINE_HIDPI_IMAGES = YES;
				FRAMEWORK_SEARCH_PATHS = "\"$(DEVELOPER_LIBRARY_DIR)/Frameworks\"";
				GCC_PRECOMPILE_PREFIX_HEADER = YES;
				GCC_PREFIX_HEADER = "iTunesControl2/iTunesControl2-Prefix.pch";
				INFOPLIST_FILE = "iTunesControl2Tests/iTunesControl2Tests-Info.plist";
				PRODUCT_NAME = "$(TARGET_NAME)";
				TEST_HOST = "$(BUNDLE_LOADER)";
				WRAPPER_EXTENSION = octest;
			};
			name = Debug;
		};
		1F3EF55A17E4686D0076ECBE /* Release */ = {
			isa = XCBuildConfiguration;
			buildSettings = {
				BUNDLE_LOADER = "$(BUILT_PRODUCTS_DIR)/iTunesControl2.app/Contents/MacOS/iTunesControl2";
				COMBINE_HIDPI_IMAGES = YES;
				FRAMEWORK_SEARCH_PATHS = "\"$(DEVELOPER_LIBRARY_DIR)/Frameworks\"";
				GCC_PRECOMPILE_PREFIX_HEADER = YES;
				GCC_PREFIX_HEADER = "iTunesControl2/iTunesControl2-Prefix.pch";
				INFOPLIST_FILE = "iTunesControl2Tests/iTunesControl2Tests-Info.plist";
				PRODUCT_NAME = "$(TARGET_NAME)";
				TEST_HOST = "$(BUNDLE_LOADER)";
				WRAPPER_EXTENSION = octest;
			};
			name = Release;
		};
/* End XCBuildConfiguration section */

/* Begin XCConfigurationList section */
		1F3EF51C17E4686D0076ECBE /* Build configuration list for PBXProject "iTunesControl2" */ = {
			isa = XCConfigurationList;
			buildConfigurations = (
				1F3EF55317E4686D0076ECBE /* Debug */,
				1F3EF55417E4686D0076ECBE /* Release */,
			);
			defaultConfigurationIsVisible = 0;
			defaultConfigurationName = Release;
		};
		1F3EF55517E4686D0076ECBE /* Build configuration list for PBXNativeTarget "iTunesControl2" */ = {
			isa = XCConfigurationList;
			buildConfigurations = (
				1F3EF55617E4686D0076ECBE /* Debug */,
				1F3EF55717E4686D0076ECBE /* Release */,
			);
			defaultConfigurationIsVisible = 0;
			defaultConfigurationName = Release;
		};
		1F3EF55817E4686D0076ECBE /* Build configuration list for PBXNativeTarget "iTunesControl2Tests" */ = {
			isa = XCConfigurationList;
			buildConfigurations = (
				1F3EF55917E4686D0076ECBE /* Debug */,
				1F3EF55A17E4686D0076ECBE /* Release */,
			);
			defaultConfigurationIsVisible = 0;
			defaultConfigurationName = Release;
		};
/* End XCConfigurationList section */

/* Begin XCVersionGroup section */
		1F3EF53C17E4686D0076ECBE /* iTunesControl2.xcdatamodeld */ = {
			isa = XCVersionGroup;
			children = (
				1F3EF53D17E4686D0076ECBE /* iTunesControl2.xcdatamodel */,
			);
			currentVersion = 1F3EF53D17E4686D0076ECBE /* iTunesControl2.xcdatamodel */;
			path = iTunesControl2.xcdatamodeld;
			sourceTree = "<group>";
			versionGroupType = wrapper.xcdatamodel;
		};
/* End XCVersionGroup section */
	};
	rootObject = 1F3EF51917E4686D0076ECBE /* Project object */;
}
